
Microsoft Visual Studio Solution File, Format Version 12.00
# Visual Studio Version 17
VisualStudioVersion = 17.3.32929.385
MinimumVisualStudioVersion = 10.0.40219.1
Project("{9A19103F-16F7-4668-BE54-9A1E7A4F7556}") = "TownOfHost", "TownOfHost.csproj", "{0ADE2871-B33F-484F-90AB-A63EC0EF2F6E}"
EndProject
Global
	GlobalSection(SolutionConfigurationPlatforms) = preSolution
		Debug|Any CPU = Debug|Any CPU
		Release|Any CPU = Release|Any CPU
	EndGlobalSection
	GlobalSection(ProjectConfigurationPlatforms) = postSolution
		{0ADE2871-B33F-484F-90AB-A63EC0EF2F6E}.Debug|Any CPU.ActiveCfg = Debug|Any CPU
		{0ADE2871-B33F-484F-90AB-A63EC0EF2F6E}.Debug|Any CPU.Build.0 = Debug|Any CPU
		{0ADE2871-B33F-484F-90AB-A63EC0EF2F6E}.Release|Any CPU.ActiveCfg = Release|Any CPU
		{0ADE2871-B33F-484F-90AB-A63EC0EF2F6E}.Release|Any CPU.Build.0 = Release|Any CPU
	EndGlobalSection
	GlobalSection(SolutionProperties) = preSolution
		HideSolutionNode = FALSE
	EndGlobalSection
	GlobalSection(ExtensibilityGlobals) = postSolution
		SolutionGuid = {203B6831-194A-47C4-A65C-46F5B59C14A9}
	EndGlobalSection
EndGlobal
